{
    "_readme": [
        "This file locks the dependencies of your project to a known state",
        "Read more about it at https://getcomposer.org/doc/01-basic-usage.md#installing-dependencies",
        "This file is @generated automatically"
    ],
    "content-hash": "c9e781955d1b42146a78793d4abff4dc",
    "packages": [
        {
            "name": "arara/process",
            "version": "1.10.0",
            "source": {
                "type": "git",
                "url": "https://github.com/Arara/Process.git",
                "reference": "13a5bce650c018e45eec8a9de5bc1c4d696a4082"
            },
            "dist": {
                "type": "zip",
                "url": "https://api.github.com/repos/Arara/Process/zipball/13a5bce650c018e45eec8a9de5bc1c4d696a4082",
                "reference": "13a5bce650c018e45eec8a9de5bc1c4d696a4082",
                "shasum": ""
            },
            "require": {
                "ext-pcntl": "*",
                "ext-posix": "*",
                "php": ">=5.4.0",
                "phpfluent/callback": "~1.0"
            },
            "require-dev": {
                "ext-uopz": "*",
                "phpmd/phpmd": "~2.2",
                "phpunit/phpunit": "~4.6",
                "squizlabs/php_codesniffer": "~2.3"
            },
            "type": "library",
            "extra": {
                "branch-alias": {
                    "dev-master": "1.10-dev"
                }
            },
            "autoload": {
                "psr-0": {
                    "Arara\\Process": "src"
                }
            },
            "notification-url": "https://packagist.org/downloads/",
            "license": [
                "MIT"
            ],
            "authors": [
                {
                    "name": "Henrique Moody",
                    "email": "henriquemoody@gmail.com"
                }
            ],
            "description": "Provides a better API to work with processes on Unix-like systems",
            "homepage": "https://github.com/Arara/Process",
            "keywords": [
                "command",
                "daemon",
                "fork",
                "multitasking",
                "pcntl",
                "posix",
                "process",
                "spawn",
                "task"
            ],
            "time": "2015-06-03T19:54:33+00:00"
        },
        {
            "name": "phpfluent/callback",
            "version": "1.1.0",
            "source": {
                "type": "git",
                "url": "https://github.com/PHPFluent/Callback.git",
                "reference": "fd41152a496917fd4854d13388084de9688e7edc"
            },
            "dist": {
                "type": "zip",
                "url": "https://api.github.com/repos/PHPFluent/Callback/zipball/fd41152a496917fd4854d13388084de9688e7edc",
                "reference": "fd41152a496917fd4854d13388084de9688e7edc",
                "shasum": ""
            },
            "require": {
                "php": ">=5.4.0"
            },
            "require-dev": {
                "phpmd/phpmd": "~2.2",
                "phpunit/phpunit": "~4.6",
                "squizlabs/php_codesniffer": "~2.3"
            },
            "type": "library",
            "autoload": {
                "psr-4": {
                    "PHPFluent\\Callback\\": "src/"
                }
            },
            "notification-url": "https://packagist.org/downloads/",
            "license": [
                "MIT"
            ],
            "authors": [
                {
                    "name": "Henrique Moody",
                    "email": "henriquemoody@gmail.com",
                    "homepage": "http://about.me/henriquemoody"
                }
            ],
            "description": "Allows you execute callbacks in a more dynamic way",
            "homepage": "https://github.com/PHPFluent/Callback",
            "keywords": [
                "callable",
                "callback",
                "closure"
            ],
            "time": "2015-06-03T19:24:39+00:00"
        },
        {
            "name": "smarty/smarty",
            "version": "v3.1.43",
            "source": {
                "type": "git",
                "url": "https://github.com/smarty-php/smarty.git",
                "reference": "273f7e00fec034f6d61112552e9caf08d19565b7"
            },
            "dist": {
                "type": "zip",
                "url": "https://api.github.com/repos/smarty-php/smarty/zipball/273f7e00fec034f6d61112552e9caf08d19565b7",
                "reference": "273f7e00fec034f6d61112552e9caf08d19565b7",
                "shasum": ""
            },
            "require": {
                "php": ">=5.2"
            },
            "require-dev": {
                "phpunit/phpunit": "^7.5 || ^6.5 || ^5.7 || ^4.8",
                "smarty/smarty-lexer": "^3.1"
            },
            "type": "library",
            "extra": {
                "branch-alias": {
                    "dev-master": "3.1.x-dev"
                }
            },
            "autoload": {
                "classmap": [
                    "libs/"
                ]
            },
            "notification-url": "https://packagist.org/downloads/",
            "license": [
                "LGPL-3.0"
            ],
            "authors": [
                {
                    "name": "Monte Ohrt",
                    "email": "monte@ohrt.com"
                },
                {
                    "name": "Uwe Tews",
                    "email": "uwe.tews@googlemail.com"
                },
                {
                    "name": "Rodney Rehm",
                    "email": "rodney.rehm@medialize.de"
                }
            ],
            "description": "Smarty - the compiling PHP template engine",
            "homepage": "http://www.smarty.net",
            "keywords": [
                "templating"
            ],
            "support": {
                "forum": "http://www.smarty.net/forums/",
                "irc": "irc://irc.freenode.org/smarty",
                "issues": "https://github.com/smarty-php/smarty/issues",
                "source": "https://github.com/smarty-php/smarty/tree/v3.1.43"
            },
            "time": "2022-01-10T09:52:40+00:00"
        }
    ],
    "packages-dev": [],
    "aliases": [],
    "minimum-stability": "stable",
    "stability-flags": [],
    "prefer-stable": false,
    "prefer-lowest": false,
    "platform": [],
    "platform-dev": [],
    "plugin-api-version": "2.2.0"
}
